{
  "name": "pioasm",
  "version": "2.0.0",
  "lockfileVersion": 1,
  "requires": true,
  "dependencies": {
    "@types/emscripten": {
      "version": "1.39.4",
      "resolved": "https://registry.npmjs.org/@types/emscripten/-/emscripten-1.39.4.tgz",
      "integrity": "sha512-k3LLVMFrdNA9UCvMDPWMbFrGPNb+GcPyw29ktJTo1RCN7RmxFG5XzPZcPKRlnLuLT/FRm8wp4ohvDwNY7GlROQ=="
    },
    "typescript": {
      "version": "4.3.2",
      "resolved": "https://registry.npmjs.org/typescript/-/typescript-4.3.2.tgz",
      "integrity": "sha512-zZ4hShnmnoVnAHpVHWpTcxdv7dWP60S2FsydQLV8V5PbS3FifjWFFRiHSWpDJahly88PRyV5teTSLoq4eG7mKw==",
      "dev": true
    }
  }
}
